
Microsoft Visual Studio Solution File, Format Version 12.00
Project("{FAE04EC0-301F-11D3-BF4B-00C04F79EFBC}") = "EmreYildirimStudentFormHW", "EmreYildirimStudentFormHW\EmreYildirimStudentFormHW.csproj", "{CC220FB4-C1FB-4B4F-9518-D2E4F5D45C2B}"
EndProject
Global
	GlobalSection(SolutionConfigurationPlatforms) = preSolution
		Debug|Any CPU = Debug|Any CPU
		Release|Any CPU = Release|Any CPU
	EndGlobalSection
	GlobalSection(ProjectConfigurationPlatforms) = postSolution
		{CC220FB4-C1FB-4B4F-9518-D2E4F5D45C2B}.Debug|Any CPU.ActiveCfg = Debug|Any CPU
		{CC220FB4-C1FB-4B4F-9518-D2E4F5D45C2B}.Debug|Any CPU.Build.0 = Debug|Any CPU
		{CC220FB4-C1FB-4B4F-9518-D2E4F5D45C2B}.Release|Any CPU.ActiveCfg = Release|Any CPU
		{CC220FB4-C1FB-4B4F-9518-D2E4F5D45C2B}.Release|Any CPU.Build.0 = Release|Any CPU
	EndGlobalSection
EndGlobal
